
Microsoft Visual Studio Solution File, Format Version 12.00
# Visual Studio Version 16
VisualStudioVersion = 16.0.30320.27
MinimumVisualStudioVersion = 10.0.40219.1
Project("{FAE04EC0-301F-11D3-BF4B-00C04F79EFBC}") = "MeliMutantChallange", "MeliMutantChallange\MeliMutantChallange.csproj", "{AC19C36D-2D5C-478C-A332-2C5782FBECA7}"
EndProject
Project("{FAE04EC0-301F-11D3-BF4B-00C04F79EFBC}") = "AdnTest", "AdnTest\AdnTest.csproj", "{2AFEDF5C-D9AD-4F6A-AAEF-6438C33B1008}"
EndProject
Global
	GlobalSection(SolutionConfigurationPlatforms) = preSolution
		Debug|Any CPU = Debug|Any CPU
		Release|Any CPU = Release|Any CPU
	EndGlobalSection
	GlobalSection(ProjectConfigurationPlatforms) = postSolution
		{AC19C36D-2D5C-478C-A332-2C5782FBECA7}.Debug|Any CPU.ActiveCfg = Debug|Any CPU
		{AC19C36D-2D5C-478C-A332-2C5782FBECA7}.Debug|Any CPU.Build.0 = Debug|Any CPU
		{AC19C36D-2D5C-478C-A332-2C5782FBECA7}.Release|Any CPU.ActiveCfg = Release|Any CPU
		{AC19C36D-2D5C-478C-A332-2C5782FBECA7}.Release|Any CPU.Build.0 = Release|Any CPU
		{2AFEDF5C-D9AD-4F6A-AAEF-6438C33B1008}.Debug|Any CPU.ActiveCfg = Debug|Any CPU
		{2AFEDF5C-D9AD-4F6A-AAEF-6438C33B1008}.Debug|Any CPU.Build.0 = Debug|Any CPU
		{2AFEDF5C-D9AD-4F6A-AAEF-6438C33B1008}.Release|Any CPU.ActiveCfg = Release|Any CPU
		{2AFEDF5C-D9AD-4F6A-AAEF-6438C33B1008}.Release|Any CPU.Build.0 = Release|Any CPU
	EndGlobalSection
	GlobalSection(SolutionProperties) = preSolution
		HideSolutionNode = FALSE
	EndGlobalSection
	GlobalSection(ExtensibilityGlobals) = postSolution
		SolutionGuid = {836A49AA-8901-4F51-911A-4BF4785E6C4C}
	EndGlobalSection
EndGlobal
